
Microsoft Visual Studio Solution File, Format Version 12.00
# Visual Studio 15
VisualStudioVersion = 15.0.26124.0
MinimumVisualStudioVersion = 15.0.26124.0
Project("{FAE04EC0-301F-11D3-BF4B-00C04F79EFBC}") = "Euler1", "Euler1\Euler1.csproj", "{07296C10-9358-4019-A5A5-196BC91AFA28}"
EndProject
Project("{FAE04EC0-301F-11D3-BF4B-00C04F79EFBC}") = "Euler2", "Euler2\Euler2.csproj", "{C87EF401-B3AF-4FB5-92AB-D2042453A731}"
EndProject
Project("{FAE04EC0-301F-11D3-BF4B-00C04F79EFBC}") = "Euler3", "Euler3\Euler3.csproj", "{5C22527A-83E8-44F3-B7D7-53B0A1BB9F4D}"
EndProject
Project("{FAE04EC0-301F-11D3-BF4B-00C04F79EFBC}") = "Euler4", "Euler4\Euler4.csproj", "{36010F50-428D-4A6A-A714-22B715ABEF3A}"
EndProject
Project("{FAE04EC0-301F-11D3-BF4B-00C04F79EFBC}") = "Euler5", "Euler5\Euler5.csproj", "{901C79E4-3BF3-4D76-A121-5234AF99D7CC}"
EndProject
Project("{FAE04EC0-301F-11D3-BF4B-00C04F79EFBC}") = "Euler6", "Euler6\Euler6.csproj", "{EDB66AEE-5911-44C3-8821-7A00C6C11845}"
EndProject
Project("{FAE04EC0-301F-11D3-BF4B-00C04F79EFBC}") = "EulerLib", "EulerLib\EulerLib.csproj", "{6596B8A3-C0DF-423F-A3A5-C2FDB963AA4F}"
EndProject
Project("{FAE04EC0-301F-11D3-BF4B-00C04F79EFBC}") = "Euler7", "Euler7\Euler7.csproj", "{C2F4D17A-0DDE-4F46-B61B-ECE6D35D392C}"
EndProject
Project("{FAE04EC0-301F-11D3-BF4B-00C04F79EFBC}") = "Euler9", "Euler9\Euler9.csproj", "{40617EE5-CA1C-4324-84B3-E3ED15D995BB}"
EndProject
Global
	GlobalSection(SolutionConfigurationPlatforms) = preSolution
		Debug|Any CPU = Debug|Any CPU
		Debug|x64 = Debug|x64
		Debug|x86 = Debug|x86
		Release|Any CPU = Release|Any CPU
		Release|x64 = Release|x64
		Release|x86 = Release|x86
	EndGlobalSection
	GlobalSection(SolutionProperties) = preSolution
		HideSolutionNode = FALSE
	EndGlobalSection
	GlobalSection(ProjectConfigurationPlatforms) = postSolution
		{07296C10-9358-4019-A5A5-196BC91AFA28}.Debug|Any CPU.ActiveCfg = Debug|Any CPU
		{07296C10-9358-4019-A5A5-196BC91AFA28}.Debug|Any CPU.Build.0 = Debug|Any CPU
		{07296C10-9358-4019-A5A5-196BC91AFA28}.Debug|x64.ActiveCfg = Debug|Any CPU
		{07296C10-9358-4019-A5A5-196BC91AFA28}.Debug|x64.Build.0 = Debug|Any CPU
		{07296C10-9358-4019-A5A5-196BC91AFA28}.Debug|x86.ActiveCfg = Debug|Any CPU
		{07296C10-9358-4019-A5A5-196BC91AFA28}.Debug|x86.Build.0 = Debug|Any CPU
		{07296C10-9358-4019-A5A5-196BC91AFA28}.Release|Any CPU.ActiveCfg = Release|Any CPU
		{07296C10-9358-4019-A5A5-196BC91AFA28}.Release|Any CPU.Build.0 = Release|Any CPU
		{07296C10-9358-4019-A5A5-196BC91AFA28}.Release|x64.ActiveCfg = Release|Any CPU
		{07296C10-9358-4019-A5A5-196BC91AFA28}.Release|x64.Build.0 = Release|Any CPU
		{07296C10-9358-4019-A5A5-196BC91AFA28}.Release|x86.ActiveCfg = Release|Any CPU
		{07296C10-9358-4019-A5A5-196BC91AFA28}.Release|x86.Build.0 = Release|Any CPU
		{C87EF401-B3AF-4FB5-92AB-D2042453A731}.Debug|Any CPU.ActiveCfg = Debug|Any CPU
		{C87EF401-B3AF-4FB5-92AB-D2042453A731}.Debug|Any CPU.Build.0 = Debug|Any CPU
		{C87EF401-B3AF-4FB5-92AB-D2042453A731}.Debug|x64.ActiveCfg = Debug|Any CPU
		{C87EF401-B3AF-4FB5-92AB-D2042453A731}.Debug|x64.Build.0 = Debug|Any CPU
		{C87EF401-B3AF-4FB5-92AB-D2042453A731}.Debug|x86.ActiveCfg = Debug|Any CPU
		{C87EF401-B3AF-4FB5-92AB-D2042453A731}.Debug|x86.Build.0 = Debug|Any CPU
		{C87EF401-B3AF-4FB5-92AB-D2042453A731}.Release|Any CPU.ActiveCfg = Release|Any CPU
		{C87EF401-B3AF-4FB5-92AB-D2042453A731}.Release|Any CPU.Build.0 = Release|Any CPU
		{C87EF401-B3AF-4FB5-92AB-D2042453A731}.Release|x64.ActiveCfg = Release|Any CPU
		{C87EF401-B3AF-4FB5-92AB-D2042453A731}.Release|x64.Build.0 = Release|Any CPU
		{C87EF401-B3AF-4FB5-92AB-D2042453A731}.Release|x86.ActiveCfg = Release|Any CPU
		{C87EF401-B3AF-4FB5-92AB-D2042453A731}.Release|x86.Build.0 = Release|Any CPU
		{5C22527A-83E8-44F3-B7D7-53B0A1BB9F4D}.Debug|Any CPU.ActiveCfg = Debug|Any CPU
		{5C22527A-83E8-44F3-B7D7-53B0A1BB9F4D}.Debug|Any CPU.Build.0 = Debug|Any CPU
		{5C22527A-83E8-44F3-B7D7-53B0A1BB9F4D}.Debug|x64.ActiveCfg = Debug|Any CPU
		{5C22527A-83E8-44F3-B7D7-53B0A1BB9F4D}.Debug|x64.Build.0 = Debug|Any CPU
		{5C22527A-83E8-44F3-B7D7-53B0A1BB9F4D}.Debug|x86.ActiveCfg = Debug|Any CPU
		{5C22527A-83E8-44F3-B7D7-53B0A1BB9F4D}.Debug|x86.Build.0 = Debug|Any CPU
		{5C22527A-83E8-44F3-B7D7-53B0A1BB9F4D}.Release|Any CPU.ActiveCfg = Release|Any CPU
		{5C22527A-83E8-44F3-B7D7-53B0A1BB9F4D}.Release|Any CPU.Build.0 = Release|Any CPU
		{5C22527A-83E8-44F3-B7D7-53B0A1BB9F4D}.Release|x64.ActiveCfg = Release|Any CPU
		{5C22527A-83E8-44F3-B7D7-53B0A1BB9F4D}.Release|x64.Build.0 = Release|Any CPU
		{5C22527A-83E8-44F3-B7D7-53B0A1BB9F4D}.Release|x86.ActiveCfg = Release|Any CPU
		{5C22527A-83E8-44F3-B7D7-53B0A1BB9F4D}.Release|x86.Build.0 = Release|Any CPU
		{36010F50-428D-4A6A-A714-22B715ABEF3A}.Debug|Any CPU.ActiveCfg = Debug|Any CPU
		{36010F50-428D-4A6A-A714-22B715ABEF3A}.Debug|Any CPU.Build.0 = Debug|Any CPU
		{36010F50-428D-4A6A-A714-22B715ABEF3A}.Debug|x64.ActiveCfg = Debug|Any CPU
		{36010F50-428D-4A6A-A714-22B715ABEF3A}.Debug|x64.Build.0 = Debug|Any CPU
		{36010F50-428D-4A6A-A714-22B715ABEF3A}.Debug|x86.ActiveCfg = Debug|Any CPU
		{36010F50-428D-4A6A-A714-22B715ABEF3A}.Debug|x86.Build.0 = Debug|Any CPU
		{36010F50-428D-4A6A-A714-22B715ABEF3A}.Release|Any CPU.ActiveCfg = Release|Any CPU
		{36010F50-428D-4A6A-A714-22B715ABEF3A}.Release|Any CPU.Build.0 = Release|Any CPU
		{36010F50-428D-4A6A-A714-22B715ABEF3A}.Release|x64.ActiveCfg = Release|Any CPU
		{36010F50-428D-4A6A-A714-22B715ABEF3A}.Release|x64.Build.0 = Release|Any CPU
		{36010F50-428D-4A6A-A714-22B715ABEF3A}.Release|x86.ActiveCfg = Release|Any CPU
		{36010F50-428D-4A6A-A714-22B715ABEF3A}.Release|x86.Build.0 = Release|Any CPU
		{901C79E4-3BF3-4D76-A121-5234AF99D7CC}.Debug|Any CPU.ActiveCfg = Debug|Any CPU
		{901C79E4-3BF3-4D76-A121-5234AF99D7CC}.Debug|Any CPU.Build.0 = Debug|Any CPU
		{901C79E4-3BF3-4D76-A121-5234AF99D7CC}.Debug|x64.ActiveCfg = Debug|Any CPU
		{901C79E4-3BF3-4D76-A121-5234AF99D7CC}.Debug|x64.Build.0 = Debug|Any CPU
		{901C79E4-3BF3-4D76-A121-5234AF99D7CC}.Debug|x86.ActiveCfg = Debug|Any CPU
		{901C79E4-3BF3-4D76-A121-5234AF99D7CC}.Debug|x86.Build.0 = Debug|Any CPU
		{901C79E4-3BF3-4D76-A121-5234AF99D7CC}.Release|Any CPU.ActiveCfg = Release|Any CPU
		{901C79E4-3BF3-4D76-A121-5234AF99D7CC}.Release|Any CPU.Build.0 = Release|Any CPU
		{901C79E4-3BF3-4D76-A121-5234AF99D7CC}.Release|x64.ActiveCfg = Release|Any CPU
		{901C79E4-3BF3-4D76-A121-5234AF99D7CC}.Release|x64.Build.0 = Release|Any CPU
		{901C79E4-3BF3-4D76-A121-5234AF99D7CC}.Release|x86.ActiveCfg = Release|Any CPU
		{901C79E4-3BF3-4D76-A121-5234AF99D7CC}.Release|x86.Build.0 = Release|Any CPU
		{EDB66AEE-5911-44C3-8821-7A00C6C11845}.Debug|Any CPU.ActiveCfg = Debug|Any CPU
		{EDB66AEE-5911-44C3-8821-7A00C6C11845}.Debug|Any CPU.Build.0 = Debug|Any CPU
		{EDB66AEE-5911-44C3-8821-7A00C6C11845}.Debug|x64.ActiveCfg = Debug|Any CPU
		{EDB66AEE-5911-44C3-8821-7A00C6C11845}.Debug|x64.Build.0 = Debug|Any CPU
		{EDB66AEE-5911-44C3-8821-7A00C6C11845}.Debug|x86.ActiveCfg = Debug|Any CPU
		{EDB66AEE-5911-44C3-8821-7A00C6C11845}.Debug|x86.Build.0 = Debug|Any CPU
		{EDB66AEE-5911-44C3-8821-7A00C6C11845}.Release|Any CPU.ActiveCfg = Release|Any CPU
		{EDB66AEE-5911-44C3-8821-7A00C6C11845}.Release|Any CPU.Build.0 = Release|Any CPU
		{EDB66AEE-5911-44C3-8821-7A00C6C11845}.Release|x64.ActiveCfg = Release|Any CPU
		{EDB66AEE-5911-44C3-8821-7A00C6C11845}.Release|x64.Build.0 = Release|Any CPU
		{EDB66AEE-5911-44C3-8821-7A00C6C11845}.Release|x86.ActiveCfg = Release|Any CPU
		{EDB66AEE-5911-44C3-8821-7A00C6C11845}.Release|x86.Build.0 = Release|Any CPU
		{6596B8A3-C0DF-423F-A3A5-C2FDB963AA4F}.Debug|Any CPU.ActiveCfg = Debug|Any CPU
		{6596B8A3-C0DF-423F-A3A5-C2FDB963AA4F}.Debug|Any CPU.Build.0 = Debug|Any CPU
		{6596B8A3-C0DF-423F-A3A5-C2FDB963AA4F}.Debug|x64.ActiveCfg = Debug|Any CPU
		{6596B8A3-C0DF-423F-A3A5-C2FDB963AA4F}.Debug|x64.Build.0 = Debug|Any CPU
		{6596B8A3-C0DF-423F-A3A5-C2FDB963AA4F}.Debug|x86.ActiveCfg = Debug|Any CPU
		{6596B8A3-C0DF-423F-A3A5-C2FDB963AA4F}.Debug|x86.Build.0 = Debug|Any CPU
		{6596B8A3-C0DF-423F-A3A5-C2FDB963AA4F}.Release|Any CPU.ActiveCfg = Release|Any CPU
		{6596B8A3-C0DF-423F-A3A5-C2FDB963AA4F}.Release|Any CPU.Build.0 = Release|Any CPU
		{6596B8A3-C0DF-423F-A3A5-C2FDB963AA4F}.Release|x64.ActiveCfg = Release|Any CPU
		{6596B8A3-C0DF-423F-A3A5-C2FDB963AA4F}.Release|x64.Build.0 = Release|Any CPU
		{6596B8A3-C0DF-423F-A3A5-C2FDB963AA4F}.Release|x86.ActiveCfg = Release|Any CPU
		{6596B8A3-C0DF-423F-A3A5-C2FDB963AA4F}.Release|x86.Build.0 = Release|Any CPU
		{C2F4D17A-0DDE-4F46-B61B-ECE6D35D392C}.Debug|Any CPU.ActiveCfg = Debug|Any CPU
		{C2F4D17A-0DDE-4F46-B61B-ECE6D35D392C}.Debug|Any CPU.Build.0 = Debug|Any CPU
		{C2F4D17A-0DDE-4F46-B61B-ECE6D35D392C}.Debug|x64.ActiveCfg = Debug|Any CPU
		{C2F4D17A-0DDE-4F46-B61B-ECE6D35D392C}.Debug|x64.Build.0 = Debug|Any CPU
		{C2F4D17A-0DDE-4F46-B61B-ECE6D35D392C}.Debug|x86.ActiveCfg = Debug|Any CPU
		{C2F4D17A-0DDE-4F46-B61B-ECE6D35D392C}.Debug|x86.Build.0 = Debug|Any CPU
		{C2F4D17A-0DDE-4F46-B61B-ECE6D35D392C}.Release|Any CPU.ActiveCfg = Release|Any CPU
		{C2F4D17A-0DDE-4F46-B61B-ECE6D35D392C}.Release|Any CPU.Build.0 = Release|Any CPU
		{C2F4D17A-0DDE-4F46-B61B-ECE6D35D392C}.Release|x64.ActiveCfg = Release|Any CPU
		{C2F4D17A-0DDE-4F46-B61B-ECE6D35D392C}.Release|x64.Build.0 = Release|Any CPU
		{C2F4D17A-0DDE-4F46-B61B-ECE6D35D392C}.Release|x86.ActiveCfg = Release|Any CPU
		{C2F4D17A-0DDE-4F46-B61B-ECE6D35D392C}.Release|x86.Build.0 = Release|Any CPU
		{40617EE5-CA1C-4324-84B3-E3ED15D995BB}.Debug|Any CPU.ActiveCfg = Debug|Any CPU
		{40617EE5-CA1C-4324-84B3-E3ED15D995BB}.Debug|Any CPU.Build.0 = Debug|Any CPU
		{40617EE5-CA1C-4324-84B3-E3ED15D995BB}.Debug|x64.ActiveCfg = Debug|Any CPU
		{40617EE5-CA1C-4324-84B3-E3ED15D995BB}.Debug|x64.Build.0 = Debug|Any CPU
		{40617EE5-CA1C-4324-84B3-E3ED15D995BB}.Debug|x86.ActiveCfg = Debug|Any CPU
		{40617EE5-CA1C-4324-84B3-E3ED15D995BB}.Debug|x86.Build.0 = Debug|Any CPU
		{40617EE5-CA1C-4324-84B3-E3ED15D995BB}.Release|Any CPU.ActiveCfg = Release|Any CPU
		{40617EE5-CA1C-4324-84B3-E3ED15D995BB}.Release|Any CPU.Build.0 = Release|Any CPU
		{40617EE5-CA1C-4324-84B3-E3ED15D995BB}.Release|x64.ActiveCfg = Release|Any CPU
		{40617EE5-CA1C-4324-84B3-E3ED15D995BB}.Release|x64.Build.0 = Release|Any CPU
		{40617EE5-CA1C-4324-84B3-E3ED15D995BB}.Release|x86.ActiveCfg = Release|Any CPU
		{40617EE5-CA1C-4324-84B3-E3ED15D995BB}.Release|x86.Build.0 = Release|Any CPU
	EndGlobalSection
EndGlobal
