
Microsoft Visual Studio Solution File, Format Version 12.00
# Visual Studio 15
VisualStudioVersion = 15.0.26124.0
MinimumVisualStudioVersion = 15.0.26124.0
Project("{FAE04EC0-301F-11D3-BF4B-00C04F79EFBC}") = "Euler1", "Euler1\Euler1.csproj", "{07296C10-9358-4019-A5A5-196BC91AFA28}"
EndProject
Project("{FAE04EC0-301F-11D3-BF4B-00C04F79EFBC}") = "Euler2", "Euler2\Euler2.csproj", "{C87EF401-B3AF-4FB5-92AB-D2042453A731}"
EndProject
Project("{FAE04EC0-301F-11D3-BF4B-00C04F79EFBC}") = "Euler3", "Euler3\Euler3.csproj", "{5C22527A-83E8-44F3-B7D7-53B0A1BB9F4D}"
EndProject
Project("{FAE04EC0-301F-11D3-BF4B-00C04F79EFBC}") = "Euler4", "Euler4\Euler4.csproj", "{36010F50-428D-4A6A-A714-22B715ABEF3A}"
EndProject
Project("{FAE04EC0-301F-11D3-BF4B-00C04F79EFBC}") = "Euler5", "Euler5\Euler5.csproj", "{901C79E4-3BF3-4D76-A121-5234AF99D7CC}"
EndProject
Project("{FAE04EC0-301F-11D3-BF4B-00C04F79EFBC}") = "Euler6", "Euler6\Euler6.csproj", "{EDB66AEE-5911-44C3-8821-7A00C6C11845}"
EndProject
Project("{FAE04EC0-301F-11D3-BF4B-00C04F79EFBC}") = "EulerLib", "EulerLib\EulerLib.csproj", "{6596B8A3-C0DF-423F-A3A5-C2FDB963AA4F}"
EndProject
Project("{FAE04EC0-301F-11D3-BF4B-00C04F79EFBC}") = "Euler7", "Euler7\Euler7.csproj", "{C2F4D17A-0DDE-4F46-B61B-ECE6D35D392C}"
EndProject
Project("{FAE04EC0-301F-11D3-BF4B-00C04F79EFBC}") = "Euler9", "Euler9\Euler9.csproj", "{40617EE5-CA1C-4324-84B3-E3ED15D995BB}"
EndProject
Project("{FAE04EC0-301F-11D3-BF4B-00C04F79EFBC}") = "Euler10", "Euler10\Euler10.csproj", "{FB6C394A-B0F2-4002-82E6-9C20356D2CB5}"
EndProject
Project("{FAE04EC0-301F-11D3-BF4B-00C04F79EFBC}") = "Euler14", "Euler14\Euler14.csproj", "{102EA8D0-DF02-4181-864D-5F9D97769B4C}"
EndProject
Project("{FAE04EC0-301F-11D3-BF4B-00C04F79EFBC}") = "Euler27", "Euler27\Euler27.csproj", "{543A1C8B-94D0-4FE7-A875-E60DC3394DE3}"
EndProject
Project("{FAE04EC0-301F-11D3-BF4B-00C04F79EFBC}") = "Euler39", "Euler39\Euler39.csproj", "{6066F593-7903-489E-A0CF-362F69EECF26}"
EndProject
Project("{FAE04EC0-301F-11D3-BF4B-00C04F79EFBC}") = "Euler50", "Euler50\Euler50.csproj", "{6240620B-E62D-45C5-88A8-DA5183D2A5D1}"
EndProject
Project("{FAE04EC0-301F-11D3-BF4B-00C04F79EFBC}") = "Euler81", "Euler81\Euler81.csproj", "{4F93DBD6-43AC-48D9-B139-6C730668C0FD}"
EndProject
Project("{FAE04EC0-301F-11D3-BF4B-00C04F79EFBC}") = "EulerLibTest", "EulerLibTest\EulerLibTest.csproj", "{6CD1D8D0-BC5E-430C-9442-8E004A4FF1E4}"
EndProject
Project("{FAE04EC0-301F-11D3-BF4B-00C04F79EFBC}") = "Euler82", "Euler82\Euler82.csproj", "{443FA847-ED07-4280-A29F-CEF56BE9134D}"
EndProject
Project("{FAE04EC0-301F-11D3-BF4B-00C04F79EFBC}") = "Euler83", "Euler83\Euler83.csproj", "{3F7CF64C-F90F-4102-BEBF-1A61B76690D0}"
EndProject
Project("{FAE04EC0-301F-11D3-BF4B-00C04F79EFBC}") = "Euler26", "Euler26\Euler26.csproj", "{E519CD22-5F28-4E09-BB77-051A37BC0ED2}"
EndProject
Global
	GlobalSection(SolutionConfigurationPlatforms) = preSolution
		Debug|Any CPU = Debug|Any CPU
		Debug|x64 = Debug|x64
		Debug|x86 = Debug|x86
		Release|Any CPU = Release|Any CPU
		Release|x64 = Release|x64
		Release|x86 = Release|x86
	EndGlobalSection
	GlobalSection(SolutionProperties) = preSolution
		HideSolutionNode = FALSE
	EndGlobalSection
	GlobalSection(ProjectConfigurationPlatforms) = postSolution
		{07296C10-9358-4019-A5A5-196BC91AFA28}.Debug|Any CPU.ActiveCfg = Debug|Any CPU
		{07296C10-9358-4019-A5A5-196BC91AFA28}.Debug|Any CPU.Build.0 = Debug|Any CPU
		{07296C10-9358-4019-A5A5-196BC91AFA28}.Debug|x64.ActiveCfg = Debug|Any CPU
		{07296C10-9358-4019-A5A5-196BC91AFA28}.Debug|x64.Build.0 = Debug|Any CPU
		{07296C10-9358-4019-A5A5-196BC91AFA28}.Debug|x86.ActiveCfg = Debug|Any CPU
		{07296C10-9358-4019-A5A5-196BC91AFA28}.Debug|x86.Build.0 = Debug|Any CPU
		{07296C10-9358-4019-A5A5-196BC91AFA28}.Release|Any CPU.ActiveCfg = Release|Any CPU
		{07296C10-9358-4019-A5A5-196BC91AFA28}.Release|Any CPU.Build.0 = Release|Any CPU
		{07296C10-9358-4019-A5A5-196BC91AFA28}.Release|x64.ActiveCfg = Release|Any CPU
		{07296C10-9358-4019-A5A5-196BC91AFA28}.Release|x64.Build.0 = Release|Any CPU
		{07296C10-9358-4019-A5A5-196BC91AFA28}.Release|x86.ActiveCfg = Release|Any CPU
		{07296C10-9358-4019-A5A5-196BC91AFA28}.Release|x86.Build.0 = Release|Any CPU
		{C87EF401-B3AF-4FB5-92AB-D2042453A731}.Debug|Any CPU.ActiveCfg = Debug|Any CPU
		{C87EF401-B3AF-4FB5-92AB-D2042453A731}.Debug|Any CPU.Build.0 = Debug|Any CPU
		{C87EF401-B3AF-4FB5-92AB-D2042453A731}.Debug|x64.ActiveCfg = Debug|Any CPU
		{C87EF401-B3AF-4FB5-92AB-D2042453A731}.Debug|x64.Build.0 = Debug|Any CPU
		{C87EF401-B3AF-4FB5-92AB-D2042453A731}.Debug|x86.ActiveCfg = Debug|Any CPU
		{C87EF401-B3AF-4FB5-92AB-D2042453A731}.Debug|x86.Build.0 = Debug|Any CPU
		{C87EF401-B3AF-4FB5-92AB-D2042453A731}.Release|Any CPU.ActiveCfg = Release|Any CPU
		{C87EF401-B3AF-4FB5-92AB-D2042453A731}.Release|Any CPU.Build.0 = Release|Any CPU
		{C87EF401-B3AF-4FB5-92AB-D2042453A731}.Release|x64.ActiveCfg = Release|Any CPU
		{C87EF401-B3AF-4FB5-92AB-D2042453A731}.Release|x64.Build.0 = Release|Any CPU
		{C87EF401-B3AF-4FB5-92AB-D2042453A731}.Release|x86.ActiveCfg = Release|Any CPU
		{C87EF401-B3AF-4FB5-92AB-D2042453A731}.Release|x86.Build.0 = Release|Any CPU
		{5C22527A-83E8-44F3-B7D7-53B0A1BB9F4D}.Debug|Any CPU.ActiveCfg = Debug|Any CPU
		{5C22527A-83E8-44F3-B7D7-53B0A1BB9F4D}.Debug|Any CPU.Build.0 = Debug|Any CPU
		{5C22527A-83E8-44F3-B7D7-53B0A1BB9F4D}.Debug|x64.ActiveCfg = Debug|Any CPU
		{5C22527A-83E8-44F3-B7D7-53B0A1BB9F4D}.Debug|x64.Build.0 = Debug|Any CPU
		{5C22527A-83E8-44F3-B7D7-53B0A1BB9F4D}.Debug|x86.ActiveCfg = Debug|Any CPU
		{5C22527A-83E8-44F3-B7D7-53B0A1BB9F4D}.Debug|x86.Build.0 = Debug|Any CPU
		{5C22527A-83E8-44F3-B7D7-53B0A1BB9F4D}.Release|Any CPU.ActiveCfg = Release|Any CPU
		{5C22527A-83E8-44F3-B7D7-53B0A1BB9F4D}.Release|Any CPU.Build.0 = Release|Any CPU
		{5C22527A-83E8-44F3-B7D7-53B0A1BB9F4D}.Release|x64.ActiveCfg = Release|Any CPU
		{5C22527A-83E8-44F3-B7D7-53B0A1BB9F4D}.Release|x64.Build.0 = Release|Any CPU
		{5C22527A-83E8-44F3-B7D7-53B0A1BB9F4D}.Release|x86.ActiveCfg = Release|Any CPU
		{5C22527A-83E8-44F3-B7D7-53B0A1BB9F4D}.Release|x86.Build.0 = Release|Any CPU
		{36010F50-428D-4A6A-A714-22B715ABEF3A}.Debug|Any CPU.ActiveCfg = Debug|Any CPU
		{36010F50-428D-4A6A-A714-22B715ABEF3A}.Debug|Any CPU.Build.0 = Debug|Any CPU
		{36010F50-428D-4A6A-A714-22B715ABEF3A}.Debug|x64.ActiveCfg = Debug|Any CPU
		{36010F50-428D-4A6A-A714-22B715ABEF3A}.Debug|x64.Build.0 = Debug|Any CPU
		{36010F50-428D-4A6A-A714-22B715ABEF3A}.Debug|x86.ActiveCfg = Debug|Any CPU
		{36010F50-428D-4A6A-A714-22B715ABEF3A}.Debug|x86.Build.0 = Debug|Any CPU
		{36010F50-428D-4A6A-A714-22B715ABEF3A}.Release|Any CPU.ActiveCfg = Release|Any CPU
		{36010F50-428D-4A6A-A714-22B715ABEF3A}.Release|Any CPU.Build.0 = Release|Any CPU
		{36010F50-428D-4A6A-A714-22B715ABEF3A}.Release|x64.ActiveCfg = Release|Any CPU
		{36010F50-428D-4A6A-A714-22B715ABEF3A}.Release|x64.Build.0 = Release|Any CPU
		{36010F50-428D-4A6A-A714-22B715ABEF3A}.Release|x86.ActiveCfg = Release|Any CPU
		{36010F50-428D-4A6A-A714-22B715ABEF3A}.Release|x86.Build.0 = Release|Any CPU
		{901C79E4-3BF3-4D76-A121-5234AF99D7CC}.Debug|Any CPU.ActiveCfg = Debug|Any CPU
		{901C79E4-3BF3-4D76-A121-5234AF99D7CC}.Debug|Any CPU.Build.0 = Debug|Any CPU
		{901C79E4-3BF3-4D76-A121-5234AF99D7CC}.Debug|x64.ActiveCfg = Debug|Any CPU
		{901C79E4-3BF3-4D76-A121-5234AF99D7CC}.Debug|x64.Build.0 = Debug|Any CPU
		{901C79E4-3BF3-4D76-A121-5234AF99D7CC}.Debug|x86.ActiveCfg = Debug|Any CPU
		{901C79E4-3BF3-4D76-A121-5234AF99D7CC}.Debug|x86.Build.0 = Debug|Any CPU
		{901C79E4-3BF3-4D76-A121-5234AF99D7CC}.Release|Any CPU.ActiveCfg = Release|Any CPU
		{901C79E4-3BF3-4D76-A121-5234AF99D7CC}.Release|Any CPU.Build.0 = Release|Any CPU
		{901C79E4-3BF3-4D76-A121-5234AF99D7CC}.Release|x64.ActiveCfg = Release|Any CPU
		{901C79E4-3BF3-4D76-A121-5234AF99D7CC}.Release|x64.Build.0 = Release|Any CPU
		{901C79E4-3BF3-4D76-A121-5234AF99D7CC}.Release|x86.ActiveCfg = Release|Any CPU
		{901C79E4-3BF3-4D76-A121-5234AF99D7CC}.Release|x86.Build.0 = Release|Any CPU
		{EDB66AEE-5911-44C3-8821-7A00C6C11845}.Debug|Any CPU.ActiveCfg = Debug|Any CPU
		{EDB66AEE-5911-44C3-8821-7A00C6C11845}.Debug|Any CPU.Build.0 = Debug|Any CPU
		{EDB66AEE-5911-44C3-8821-7A00C6C11845}.Debug|x64.ActiveCfg = Debug|Any CPU
		{EDB66AEE-5911-44C3-8821-7A00C6C11845}.Debug|x64.Build.0 = Debug|Any CPU
		{EDB66AEE-5911-44C3-8821-7A00C6C11845}.Debug|x86.ActiveCfg = Debug|Any CPU
		{EDB66AEE-5911-44C3-8821-7A00C6C11845}.Debug|x86.Build.0 = Debug|Any CPU
		{EDB66AEE-5911-44C3-8821-7A00C6C11845}.Release|Any CPU.ActiveCfg = Release|Any CPU
		{EDB66AEE-5911-44C3-8821-7A00C6C11845}.Release|Any CPU.Build.0 = Release|Any CPU
		{EDB66AEE-5911-44C3-8821-7A00C6C11845}.Release|x64.ActiveCfg = Release|Any CPU
		{EDB66AEE-5911-44C3-8821-7A00C6C11845}.Release|x64.Build.0 = Release|Any CPU
		{EDB66AEE-5911-44C3-8821-7A00C6C11845}.Release|x86.ActiveCfg = Release|Any CPU
		{EDB66AEE-5911-44C3-8821-7A00C6C11845}.Release|x86.Build.0 = Release|Any CPU
		{6596B8A3-C0DF-423F-A3A5-C2FDB963AA4F}.Debug|Any CPU.ActiveCfg = Debug|Any CPU
		{6596B8A3-C0DF-423F-A3A5-C2FDB963AA4F}.Debug|Any CPU.Build.0 = Debug|Any CPU
		{6596B8A3-C0DF-423F-A3A5-C2FDB963AA4F}.Debug|x64.ActiveCfg = Debug|Any CPU
		{6596B8A3-C0DF-423F-A3A5-C2FDB963AA4F}.Debug|x64.Build.0 = Debug|Any CPU
		{6596B8A3-C0DF-423F-A3A5-C2FDB963AA4F}.Debug|x86.ActiveCfg = Debug|Any CPU
		{6596B8A3-C0DF-423F-A3A5-C2FDB963AA4F}.Debug|x86.Build.0 = Debug|Any CPU
		{6596B8A3-C0DF-423F-A3A5-C2FDB963AA4F}.Release|Any CPU.ActiveCfg = Release|Any CPU
		{6596B8A3-C0DF-423F-A3A5-C2FDB963AA4F}.Release|Any CPU.Build.0 = Release|Any CPU
		{6596B8A3-C0DF-423F-A3A5-C2FDB963AA4F}.Release|x64.ActiveCfg = Release|Any CPU
		{6596B8A3-C0DF-423F-A3A5-C2FDB963AA4F}.Release|x64.Build.0 = Release|Any CPU
		{6596B8A3-C0DF-423F-A3A5-C2FDB963AA4F}.Release|x86.ActiveCfg = Release|Any CPU
		{6596B8A3-C0DF-423F-A3A5-C2FDB963AA4F}.Release|x86.Build.0 = Release|Any CPU
		{C2F4D17A-0DDE-4F46-B61B-ECE6D35D392C}.Debug|Any CPU.ActiveCfg = Debug|Any CPU
		{C2F4D17A-0DDE-4F46-B61B-ECE6D35D392C}.Debug|Any CPU.Build.0 = Debug|Any CPU
		{C2F4D17A-0DDE-4F46-B61B-ECE6D35D392C}.Debug|x64.ActiveCfg = Debug|Any CPU
		{C2F4D17A-0DDE-4F46-B61B-ECE6D35D392C}.Debug|x64.Build.0 = Debug|Any CPU
		{C2F4D17A-0DDE-4F46-B61B-ECE6D35D392C}.Debug|x86.ActiveCfg = Debug|Any CPU
		{C2F4D17A-0DDE-4F46-B61B-ECE6D35D392C}.Debug|x86.Build.0 = Debug|Any CPU
		{C2F4D17A-0DDE-4F46-B61B-ECE6D35D392C}.Release|Any CPU.ActiveCfg = Release|Any CPU
		{C2F4D17A-0DDE-4F46-B61B-ECE6D35D392C}.Release|Any CPU.Build.0 = Release|Any CPU
		{C2F4D17A-0DDE-4F46-B61B-ECE6D35D392C}.Release|x64.ActiveCfg = Release|Any CPU
		{C2F4D17A-0DDE-4F46-B61B-ECE6D35D392C}.Release|x64.Build.0 = Release|Any CPU
		{C2F4D17A-0DDE-4F46-B61B-ECE6D35D392C}.Release|x86.ActiveCfg = Release|Any CPU
		{C2F4D17A-0DDE-4F46-B61B-ECE6D35D392C}.Release|x86.Build.0 = Release|Any CPU
		{40617EE5-CA1C-4324-84B3-E3ED15D995BB}.Debug|Any CPU.ActiveCfg = Debug|Any CPU
		{40617EE5-CA1C-4324-84B3-E3ED15D995BB}.Debug|Any CPU.Build.0 = Debug|Any CPU
		{40617EE5-CA1C-4324-84B3-E3ED15D995BB}.Debug|x64.ActiveCfg = Debug|Any CPU
		{40617EE5-CA1C-4324-84B3-E3ED15D995BB}.Debug|x64.Build.0 = Debug|Any CPU
		{40617EE5-CA1C-4324-84B3-E3ED15D995BB}.Debug|x86.ActiveCfg = Debug|Any CPU
		{40617EE5-CA1C-4324-84B3-E3ED15D995BB}.Debug|x86.Build.0 = Debug|Any CPU
		{40617EE5-CA1C-4324-84B3-E3ED15D995BB}.Release|Any CPU.ActiveCfg = Release|Any CPU
		{40617EE5-CA1C-4324-84B3-E3ED15D995BB}.Release|Any CPU.Build.0 = Release|Any CPU
		{40617EE5-CA1C-4324-84B3-E3ED15D995BB}.Release|x64.ActiveCfg = Release|Any CPU
		{40617EE5-CA1C-4324-84B3-E3ED15D995BB}.Release|x64.Build.0 = Release|Any CPU
		{40617EE5-CA1C-4324-84B3-E3ED15D995BB}.Release|x86.ActiveCfg = Release|Any CPU
		{40617EE5-CA1C-4324-84B3-E3ED15D995BB}.Release|x86.Build.0 = Release|Any CPU
		{FB6C394A-B0F2-4002-82E6-9C20356D2CB5}.Debug|Any CPU.ActiveCfg = Debug|Any CPU
		{FB6C394A-B0F2-4002-82E6-9C20356D2CB5}.Debug|Any CPU.Build.0 = Debug|Any CPU
		{FB6C394A-B0F2-4002-82E6-9C20356D2CB5}.Debug|x64.ActiveCfg = Debug|Any CPU
		{FB6C394A-B0F2-4002-82E6-9C20356D2CB5}.Debug|x64.Build.0 = Debug|Any CPU
		{FB6C394A-B0F2-4002-82E6-9C20356D2CB5}.Debug|x86.ActiveCfg = Debug|Any CPU
		{FB6C394A-B0F2-4002-82E6-9C20356D2CB5}.Debug|x86.Build.0 = Debug|Any CPU
		{FB6C394A-B0F2-4002-82E6-9C20356D2CB5}.Release|Any CPU.ActiveCfg = Release|Any CPU
		{FB6C394A-B0F2-4002-82E6-9C20356D2CB5}.Release|Any CPU.Build.0 = Release|Any CPU
		{FB6C394A-B0F2-4002-82E6-9C20356D2CB5}.Release|x64.ActiveCfg = Release|Any CPU
		{FB6C394A-B0F2-4002-82E6-9C20356D2CB5}.Release|x64.Build.0 = Release|Any CPU
		{FB6C394A-B0F2-4002-82E6-9C20356D2CB5}.Release|x86.ActiveCfg = Release|Any CPU
		{FB6C394A-B0F2-4002-82E6-9C20356D2CB5}.Release|x86.Build.0 = Release|Any CPU
		{102EA8D0-DF02-4181-864D-5F9D97769B4C}.Debug|Any CPU.ActiveCfg = Debug|Any CPU
		{102EA8D0-DF02-4181-864D-5F9D97769B4C}.Debug|Any CPU.Build.0 = Debug|Any CPU
		{102EA8D0-DF02-4181-864D-5F9D97769B4C}.Debug|x64.ActiveCfg = Debug|Any CPU
		{102EA8D0-DF02-4181-864D-5F9D97769B4C}.Debug|x64.Build.0 = Debug|Any CPU
		{102EA8D0-DF02-4181-864D-5F9D97769B4C}.Debug|x86.ActiveCfg = Debug|Any CPU
		{102EA8D0-DF02-4181-864D-5F9D97769B4C}.Debug|x86.Build.0 = Debug|Any CPU
		{102EA8D0-DF02-4181-864D-5F9D97769B4C}.Release|Any CPU.ActiveCfg = Release|Any CPU
		{102EA8D0-DF02-4181-864D-5F9D97769B4C}.Release|Any CPU.Build.0 = Release|Any CPU
		{102EA8D0-DF02-4181-864D-5F9D97769B4C}.Release|x64.ActiveCfg = Release|Any CPU
		{102EA8D0-DF02-4181-864D-5F9D97769B4C}.Release|x64.Build.0 = Release|Any CPU
		{102EA8D0-DF02-4181-864D-5F9D97769B4C}.Release|x86.ActiveCfg = Release|Any CPU
		{102EA8D0-DF02-4181-864D-5F9D97769B4C}.Release|x86.Build.0 = Release|Any CPU
		{543A1C8B-94D0-4FE7-A875-E60DC3394DE3}.Debug|Any CPU.ActiveCfg = Debug|Any CPU
		{543A1C8B-94D0-4FE7-A875-E60DC3394DE3}.Debug|Any CPU.Build.0 = Debug|Any CPU
		{543A1C8B-94D0-4FE7-A875-E60DC3394DE3}.Debug|x64.ActiveCfg = Debug|Any CPU
		{543A1C8B-94D0-4FE7-A875-E60DC3394DE3}.Debug|x64.Build.0 = Debug|Any CPU
		{543A1C8B-94D0-4FE7-A875-E60DC3394DE3}.Debug|x86.ActiveCfg = Debug|Any CPU
		{543A1C8B-94D0-4FE7-A875-E60DC3394DE3}.Debug|x86.Build.0 = Debug|Any CPU
		{543A1C8B-94D0-4FE7-A875-E60DC3394DE3}.Release|Any CPU.ActiveCfg = Release|Any CPU
		{543A1C8B-94D0-4FE7-A875-E60DC3394DE3}.Release|Any CPU.Build.0 = Release|Any CPU
		{543A1C8B-94D0-4FE7-A875-E60DC3394DE3}.Release|x64.ActiveCfg = Release|Any CPU
		{543A1C8B-94D0-4FE7-A875-E60DC3394DE3}.Release|x64.Build.0 = Release|Any CPU
		{543A1C8B-94D0-4FE7-A875-E60DC3394DE3}.Release|x86.ActiveCfg = Release|Any CPU
		{543A1C8B-94D0-4FE7-A875-E60DC3394DE3}.Release|x86.Build.0 = Release|Any CPU
		{6066F593-7903-489E-A0CF-362F69EECF26}.Debug|Any CPU.ActiveCfg = Debug|Any CPU
		{6066F593-7903-489E-A0CF-362F69EECF26}.Debug|Any CPU.Build.0 = Debug|Any CPU
		{6066F593-7903-489E-A0CF-362F69EECF26}.Debug|x64.ActiveCfg = Debug|Any CPU
		{6066F593-7903-489E-A0CF-362F69EECF26}.Debug|x64.Build.0 = Debug|Any CPU
		{6066F593-7903-489E-A0CF-362F69EECF26}.Debug|x86.ActiveCfg = Debug|Any CPU
		{6066F593-7903-489E-A0CF-362F69EECF26}.Debug|x86.Build.0 = Debug|Any CPU
		{6066F593-7903-489E-A0CF-362F69EECF26}.Release|Any CPU.ActiveCfg = Release|Any CPU
		{6066F593-7903-489E-A0CF-362F69EECF26}.Release|Any CPU.Build.0 = Release|Any CPU
		{6066F593-7903-489E-A0CF-362F69EECF26}.Release|x64.ActiveCfg = Release|Any CPU
		{6066F593-7903-489E-A0CF-362F69EECF26}.Release|x64.Build.0 = Release|Any CPU
		{6066F593-7903-489E-A0CF-362F69EECF26}.Release|x86.ActiveCfg = Release|Any CPU
		{6066F593-7903-489E-A0CF-362F69EECF26}.Release|x86.Build.0 = Release|Any CPU
		{6240620B-E62D-45C5-88A8-DA5183D2A5D1}.Debug|Any CPU.ActiveCfg = Debug|Any CPU
		{6240620B-E62D-45C5-88A8-DA5183D2A5D1}.Debug|Any CPU.Build.0 = Debug|Any CPU
		{6240620B-E62D-45C5-88A8-DA5183D2A5D1}.Debug|x64.ActiveCfg = Debug|Any CPU
		{6240620B-E62D-45C5-88A8-DA5183D2A5D1}.Debug|x64.Build.0 = Debug|Any CPU
		{6240620B-E62D-45C5-88A8-DA5183D2A5D1}.Debug|x86.ActiveCfg = Debug|Any CPU
		{6240620B-E62D-45C5-88A8-DA5183D2A5D1}.Debug|x86.Build.0 = Debug|Any CPU
		{6240620B-E62D-45C5-88A8-DA5183D2A5D1}.Release|Any CPU.ActiveCfg = Release|Any CPU
		{6240620B-E62D-45C5-88A8-DA5183D2A5D1}.Release|Any CPU.Build.0 = Release|Any CPU
		{6240620B-E62D-45C5-88A8-DA5183D2A5D1}.Release|x64.ActiveCfg = Release|Any CPU
		{6240620B-E62D-45C5-88A8-DA5183D2A5D1}.Release|x64.Build.0 = Release|Any CPU
		{6240620B-E62D-45C5-88A8-DA5183D2A5D1}.Release|x86.ActiveCfg = Release|Any CPU
		{6240620B-E62D-45C5-88A8-DA5183D2A5D1}.Release|x86.Build.0 = Release|Any CPU
		{4F93DBD6-43AC-48D9-B139-6C730668C0FD}.Debug|Any CPU.ActiveCfg = Debug|Any CPU
		{4F93DBD6-43AC-48D9-B139-6C730668C0FD}.Debug|Any CPU.Build.0 = Debug|Any CPU
		{4F93DBD6-43AC-48D9-B139-6C730668C0FD}.Debug|x64.ActiveCfg = Debug|Any CPU
		{4F93DBD6-43AC-48D9-B139-6C730668C0FD}.Debug|x64.Build.0 = Debug|Any CPU
		{4F93DBD6-43AC-48D9-B139-6C730668C0FD}.Debug|x86.ActiveCfg = Debug|Any CPU
		{4F93DBD6-43AC-48D9-B139-6C730668C0FD}.Debug|x86.Build.0 = Debug|Any CPU
		{4F93DBD6-43AC-48D9-B139-6C730668C0FD}.Release|Any CPU.ActiveCfg = Release|Any CPU
		{4F93DBD6-43AC-48D9-B139-6C730668C0FD}.Release|Any CPU.Build.0 = Release|Any CPU
		{4F93DBD6-43AC-48D9-B139-6C730668C0FD}.Release|x64.ActiveCfg = Release|Any CPU
		{4F93DBD6-43AC-48D9-B139-6C730668C0FD}.Release|x64.Build.0 = Release|Any CPU
		{4F93DBD6-43AC-48D9-B139-6C730668C0FD}.Release|x86.ActiveCfg = Release|Any CPU
		{4F93DBD6-43AC-48D9-B139-6C730668C0FD}.Release|x86.Build.0 = Release|Any CPU
		{6CD1D8D0-BC5E-430C-9442-8E004A4FF1E4}.Debug|Any CPU.ActiveCfg = Debug|Any CPU
		{6CD1D8D0-BC5E-430C-9442-8E004A4FF1E4}.Debug|Any CPU.Build.0 = Debug|Any CPU
		{6CD1D8D0-BC5E-430C-9442-8E004A4FF1E4}.Debug|x64.ActiveCfg = Debug|Any CPU
		{6CD1D8D0-BC5E-430C-9442-8E004A4FF1E4}.Debug|x64.Build.0 = Debug|Any CPU
		{6CD1D8D0-BC5E-430C-9442-8E004A4FF1E4}.Debug|x86.ActiveCfg = Debug|Any CPU
		{6CD1D8D0-BC5E-430C-9442-8E004A4FF1E4}.Debug|x86.Build.0 = Debug|Any CPU
		{6CD1D8D0-BC5E-430C-9442-8E004A4FF1E4}.Release|Any CPU.ActiveCfg = Release|Any CPU
		{6CD1D8D0-BC5E-430C-9442-8E004A4FF1E4}.Release|Any CPU.Build.0 = Release|Any CPU
		{6CD1D8D0-BC5E-430C-9442-8E004A4FF1E4}.Release|x64.ActiveCfg = Release|Any CPU
		{6CD1D8D0-BC5E-430C-9442-8E004A4FF1E4}.Release|x64.Build.0 = Release|Any CPU
		{6CD1D8D0-BC5E-430C-9442-8E004A4FF1E4}.Release|x86.ActiveCfg = Release|Any CPU
		{6CD1D8D0-BC5E-430C-9442-8E004A4FF1E4}.Release|x86.Build.0 = Release|Any CPU
		{443FA847-ED07-4280-A29F-CEF56BE9134D}.Debug|Any CPU.ActiveCfg = Debug|Any CPU
		{443FA847-ED07-4280-A29F-CEF56BE9134D}.Debug|Any CPU.Build.0 = Debug|Any CPU
		{443FA847-ED07-4280-A29F-CEF56BE9134D}.Debug|x64.ActiveCfg = Debug|Any CPU
		{443FA847-ED07-4280-A29F-CEF56BE9134D}.Debug|x64.Build.0 = Debug|Any CPU
		{443FA847-ED07-4280-A29F-CEF56BE9134D}.Debug|x86.ActiveCfg = Debug|Any CPU
		{443FA847-ED07-4280-A29F-CEF56BE9134D}.Debug|x86.Build.0 = Debug|Any CPU
		{443FA847-ED07-4280-A29F-CEF56BE9134D}.Release|Any CPU.ActiveCfg = Release|Any CPU
		{443FA847-ED07-4280-A29F-CEF56BE9134D}.Release|Any CPU.Build.0 = Release|Any CPU
		{443FA847-ED07-4280-A29F-CEF56BE9134D}.Release|x64.ActiveCfg = Release|Any CPU
		{443FA847-ED07-4280-A29F-CEF56BE9134D}.Release|x64.Build.0 = Release|Any CPU
		{443FA847-ED07-4280-A29F-CEF56BE9134D}.Release|x86.ActiveCfg = Release|Any CPU
		{443FA847-ED07-4280-A29F-CEF56BE9134D}.Release|x86.Build.0 = Release|Any CPU
		{3F7CF64C-F90F-4102-BEBF-1A61B76690D0}.Debug|Any CPU.ActiveCfg = Debug|Any CPU
		{3F7CF64C-F90F-4102-BEBF-1A61B76690D0}.Debug|Any CPU.Build.0 = Debug|Any CPU
		{3F7CF64C-F90F-4102-BEBF-1A61B76690D0}.Debug|x64.ActiveCfg = Debug|Any CPU
		{3F7CF64C-F90F-4102-BEBF-1A61B76690D0}.Debug|x64.Build.0 = Debug|Any CPU
		{3F7CF64C-F90F-4102-BEBF-1A61B76690D0}.Debug|x86.ActiveCfg = Debug|Any CPU
		{3F7CF64C-F90F-4102-BEBF-1A61B76690D0}.Debug|x86.Build.0 = Debug|Any CPU
		{3F7CF64C-F90F-4102-BEBF-1A61B76690D0}.Release|Any CPU.ActiveCfg = Release|Any CPU
		{3F7CF64C-F90F-4102-BEBF-1A61B76690D0}.Release|Any CPU.Build.0 = Release|Any CPU
		{3F7CF64C-F90F-4102-BEBF-1A61B76690D0}.Release|x64.ActiveCfg = Release|Any CPU
		{3F7CF64C-F90F-4102-BEBF-1A61B76690D0}.Release|x64.Build.0 = Release|Any CPU
		{3F7CF64C-F90F-4102-BEBF-1A61B76690D0}.Release|x86.ActiveCfg = Release|Any CPU
		{3F7CF64C-F90F-4102-BEBF-1A61B76690D0}.Release|x86.Build.0 = Release|Any CPU
		{E519CD22-5F28-4E09-BB77-051A37BC0ED2}.Debug|Any CPU.ActiveCfg = Debug|Any CPU
		{E519CD22-5F28-4E09-BB77-051A37BC0ED2}.Debug|Any CPU.Build.0 = Debug|Any CPU
		{E519CD22-5F28-4E09-BB77-051A37BC0ED2}.Debug|x64.ActiveCfg = Debug|Any CPU
		{E519CD22-5F28-4E09-BB77-051A37BC0ED2}.Debug|x64.Build.0 = Debug|Any CPU
		{E519CD22-5F28-4E09-BB77-051A37BC0ED2}.Debug|x86.ActiveCfg = Debug|Any CPU
		{E519CD22-5F28-4E09-BB77-051A37BC0ED2}.Debug|x86.Build.0 = Debug|Any CPU
		{E519CD22-5F28-4E09-BB77-051A37BC0ED2}.Release|Any CPU.ActiveCfg = Release|Any CPU
		{E519CD22-5F28-4E09-BB77-051A37BC0ED2}.Release|Any CPU.Build.0 = Release|Any CPU
		{E519CD22-5F28-4E09-BB77-051A37BC0ED2}.Release|x64.ActiveCfg = Release|Any CPU
		{E519CD22-5F28-4E09-BB77-051A37BC0ED2}.Release|x64.Build.0 = Release|Any CPU
		{E519CD22-5F28-4E09-BB77-051A37BC0ED2}.Release|x86.ActiveCfg = Release|Any CPU
		{E519CD22-5F28-4E09-BB77-051A37BC0ED2}.Release|x86.Build.0 = Release|Any CPU
	EndGlobalSection
EndGlobal
